
Microsoft Visual Studio Solution File, Format Version 12.00
# Visual Studio Version 17
VisualStudioVersion = 17.10.35027.167
MinimumVisualStudioVersion = 10.0.40219.1
Project("{FAE04EC0-301F-11D3-BF4B-00C04F79EFBC}") = "SecondListsProject", "SecondListsProject.csproj", "{F42BA94E-57DF-4414-B171-DF864008E72E}"
EndProject
Global
	GlobalSection(SolutionConfigurationPlatforms) = preSolution
		Debug|Any CPU = Debug|Any CPU
		Release|Any CPU = Release|Any CPU
	EndGlobalSection
	GlobalSection(ProjectConfigurationPlatforms) = postSolution
		{F42BA94E-57DF-4414-B171-DF864008E72E}.Debug|Any CPU.ActiveCfg = Debug|Any CPU
		{F42BA94E-57DF-4414-B171-DF864008E72E}.Debug|Any CPU.Build.0 = Debug|Any CPU
		{F42BA94E-57DF-4414-B171-DF864008E72E}.Release|Any CPU.ActiveCfg = Release|Any CPU
		{F42BA94E-57DF-4414-B171-DF864008E72E}.Release|Any CPU.Build.0 = Release|Any CPU
	EndGlobalSection
	GlobalSection(SolutionProperties) = preSolution
		HideSolutionNode = FALSE
	EndGlobalSection
	GlobalSection(ExtensibilityGlobals) = postSolution
		SolutionGuid = {CCAA5CE4-F6B7-4EC6-81CE-742DA750EC5A}
	EndGlobalSection
EndGlobal
